
Microsoft Visual Studio Solution File, Format Version 12.00
# Visual Studio Version 16
VisualStudioVersion = 16.0.30011.22
MinimumVisualStudioVersion = 10.0.40219.1
Project("{FAE04EC0-301F-11D3-BF4B-00C04F79EFBC}") = "MyProject_KPiEP", "MyProject_KPiEP\MyProject_KPiEP.csproj", "{017D084E-CA99-4303-9E89-BCCA4337F854}"
EndProject
Global
	GlobalSection(SolutionConfigurationPlatforms) = preSolution
		Debug|Any CPU = Debug|Any CPU
		Release|Any CPU = Release|Any CPU
	EndGlobalSection
	GlobalSection(ProjectConfigurationPlatforms) = postSolution
		{017D084E-CA99-4303-9E89-BCCA4337F854}.Debug|Any CPU.ActiveCfg = Debug|Any CPU
		{017D084E-CA99-4303-9E89-BCCA4337F854}.Debug|Any CPU.Build.0 = Debug|Any CPU
		{017D084E-CA99-4303-9E89-BCCA4337F854}.Release|Any CPU.ActiveCfg = Release|Any CPU
		{017D084E-CA99-4303-9E89-BCCA4337F854}.Release|Any CPU.Build.0 = Release|Any CPU
	EndGlobalSection
	GlobalSection(SolutionProperties) = preSolution
		HideSolutionNode = FALSE
	EndGlobalSection
	GlobalSection(ExtensibilityGlobals) = postSolution
		SolutionGuid = {EDB55B83-7485-42FE-AD8F-F34B22937F65}
	EndGlobalSection
EndGlobal
